// !$*UTF8*$!
{
	archiveVersion = 1;
	classes = {
	};
	objectVersion = 50;
	objects = {

/* Begin PBXBuildFile section */
		FF86F42C233EF64A00680D0D /* DefaultsTests.swift in Sources */ = {isa = PBXBuildFile; fileRef = FF86F42B233EF64A00680D0D /* DefaultsTests.swift */; };
		FF86F433233EF73700680D0D /* Defaults.swift in Sources */ = {isa = PBXBuildFile; fileRef = FFAFC4612339CB7D00920406 /* Defaults.swift */; };
		FFAFC44C2339CB3600920406 /* AppDelegate.swift in Sources */ = {isa = PBXBuildFile; fileRef = FFAFC44B2339CB3600920406 /* AppDelegate.swift */; };
		FFAFC44E2339CB3600920406 /* SceneDelegate.swift in Sources */ = {isa = PBXBuildFile; fileRef = FFAFC44D2339CB3600920406 /* SceneDelegate.swift */; };
		FFAFC4502339CB3600920406 /* ContentView.swift in Sources */ = {isa = PBXBuildFile; fileRef = FFAFC44F2339CB3600920406 /* ContentView.swift */; };
		FFAFC4522339CB3700920406 /* Assets.xcassets in Resources */ = {isa = PBXBuildFile; fileRef = FFAFC4512339CB3700920406 /* Assets.xcassets */; };
		FFAFC4552339CB3700920406 /* Preview Assets.xcassets in Resources */ = {isa = PBXBuildFile; fileRef = FFAFC4542339CB3700920406 /* Preview Assets.xcassets */; };
		FFAFC4582339CB3700920406 /* LaunchScreen.storyboard in Resources */ = {isa = PBXBuildFile; fileRef = FFAFC4562339CB3700920406 /* LaunchScreen.storyboard */; };
		FFAFC4622339CB7D00920406 /* Defaults.swift in Sources */ = {isa = PBXBuildFile; fileRef = FFAFC4612339CB7D00920406 /* Defaults.swift */; };
/* End PBXBuildFile section */

/* Begin PBXContainerItemProxy section */
		FF86F42E233EF64A00680D0D /* PBXContainerItemProxy */ = {
			isa = PBXContainerItemProxy;
			containerPortal = FFAFC4402339CB3600920406 /* Project object */;
			proxyType = 1;
			remoteGlobalIDString = FFAFC4472339CB3600920406;
			remoteInfo = Defaults;
		};
/* End PBXContainerItemProxy section */

/* Begin PBXFileReference section */
		FF86F429233EF64A00680D0D /* DefaultsTests.xctest */ = {isa = PBXFileReference; explicitFileType = wrapper.cfbundle; includeInIndex = 0; path = DefaultsTests.xctest; sourceTree = BUILT_PRODUCTS_DIR; };
		FF86F42B233EF64A00680D0D /* DefaultsTests.swift */ = {isa = PBXFileReference; lastKnownFileType = sourcecode.swift; path = DefaultsTests.swift; sourceTree = "<group>"; };
		FF86F42D233EF64A00680D0D /* Info.plist */ = {isa = PBXFileReference; lastKnownFileType = text.plist.xml; path = Info.plist; sourceTree = "<group>"; };
		FFAFC4482339CB3600920406 /* Defaults.app */ = {isa = PBXFileReference; explicitFileType = wrapper.application; includeInIndex = 0; path = Defaults.app; sourceTree = BUILT_PRODUCTS_DIR; };
		FFAFC44B2339CB3600920406 /* AppDelegate.swift */ = {isa = PBXFileReference; lastKnownFileType = sourcecode.swift; path = AppDelegate.swift; sourceTree = "<group>"; };
		FFAFC44D2339CB3600920406 /* SceneDelegate.swift */ = {isa = PBXFileReference; lastKnownFileType = sourcecode.swift; path = SceneDelegate.swift; sourceTree = "<group>"; };
		FFAFC44F2339CB3600920406 /* ContentView.swift */ = {isa = PBXFileReference; lastKnownFileType = sourcecode.swift; path = ContentView.swift; sourceTree = "<group>"; };
		FFAFC4512339CB3700920406 /* Assets.xcassets */ = {isa = PBXFileReference; lastKnownFileType = folder.assetcatalog; path = Assets.xcassets; sourceTree = "<group>"; };
		FFAFC4542339CB3700920406 /* Preview Assets.xcassets */ = {isa = PBXFileReference; lastKnownFileType = folder.assetcatalog; path = "Preview Assets.xcassets"; sourceTree = "<group>"; };
		FFAFC4572339CB3700920406 /* Base */ = {isa = PBXFileReference; lastKnownFileType = file.storyboard; name = Base; path = Base.lproj/LaunchScreen.storyboard; sourceTree = "<group>"; };
		FFAFC4592339CB3700920406 /* Info.plist */ = {isa = PBXFileReference; lastKnownFileType = text.plist.xml; path = Info.plist; sourceTree = "<group>"; };
		FFAFC4612339CB7D00920406 /* Defaults.swift */ = {isa = PBXFileReference; lastKnownFileType = sourcecode.swift; name = Defaults.swift; path = Code/Defaults.swift; sourceTree = SOURCE_ROOT; };
/* End PBXFileReference section */

/* Begin PBXFrameworksBuildPhase section */
		FF86F426233EF64A00680D0D /* Frameworks */ = {
			isa = PBXFrameworksBuildPhase;
			buildActionMask = 2147483647;
			files = (
			);
			runOnlyForDeploymentPostprocessing = 0;
		};
		FFAFC4452339CB3600920406 /* Frameworks */ = {
			isa = PBXFrameworksBuildPhase;
			buildActionMask = 2147483647;
			files = (
			);
			runOnlyForDeploymentPostprocessing = 0;
		};
/* End PBXFrameworksBuildPhase section */

/* Begin PBXGroup section */
		FF86F42A233EF64A00680D0D /* DefaultsTests */ = {
			isa = PBXGroup;
			children = (
				FF86F42B233EF64A00680D0D /* DefaultsTests.swift */,
				FF86F42D233EF64A00680D0D /* Info.plist */,
			);
			path = DefaultsTests;
			sourceTree = "<group>";
		};
		FFAFC43F2339CB3600920406 = {
			isa = PBXGroup;
			children = (
				FFAFC44A2339CB3600920406 /* Defaults */,
				FF86F42A233EF64A00680D0D /* DefaultsTests */,
				FFAFC4492339CB3600920406 /* Products */,
			);
			sourceTree = "<group>";
		};
		FFAFC4492339CB3600920406 /* Products */ = {
			isa = PBXGroup;
			children = (
				FFAFC4482339CB3600920406 /* Defaults.app */,
				FF86F429233EF64A00680D0D /* DefaultsTests.xctest */,
			);
			name = Products;
			sourceTree = "<group>";
		};
		FFAFC44A2339CB3600920406 /* Defaults */ = {
			isa = PBXGroup;
			children = (
				FFAFC44B2339CB3600920406 /* AppDelegate.swift */,
				FFAFC4612339CB7D00920406 /* Defaults.swift */,
				FFAFC44D2339CB3600920406 /* SceneDelegate.swift */,
				FFAFC44F2339CB3600920406 /* ContentView.swift */,
				FFAFC4512339CB3700920406 /* Assets.xcassets */,
				FFAFC4562339CB3700920406 /* LaunchScreen.storyboard */,
				FFAFC4592339CB3700920406 /* Info.plist */,
				FFAFC4532339CB3700920406 /* Preview Content */,
			);
			path = Defaults;
			sourceTree = "<group>";
		};
		FFAFC4532339CB3700920406 /* Preview Content */ = {
			isa = PBXGroup;
			children = (
				FFAFC4542339CB3700920406 /* Preview Assets.xcassets */,
			);
			path = "Preview Content";
			sourceTree = "<group>";
		};
/* End PBXGroup section */

/* Begin PBXNativeTarget section */
		FF86F428233EF64A00680D0D /* DefaultsTests */ = {
			isa = PBXNativeTarget;
			buildConfigurationList = FF86F430233EF64A00680D0D /* Build configuration list for PBXNativeTarget "DefaultsTests" */;
			buildPhases = (
				FF86F425233EF64A00680D0D /* Sources */,
				FF86F426233EF64A00680D0D /* Frameworks */,
				FF86F427233EF64A00680D0D /* Resources */,
			);
			buildRules = (
			);
			dependencies = (
				FF86F42F233EF64A00680D0D /* PBXTargetDependency */,
			);
			name = DefaultsTests;
			productName = DefaultsTests;
			productReference = FF86F429233EF64A00680D0D /* DefaultsTests.xctest */;
			productType = "com.apple.product-type.bundle.unit-test";
		};
		FFAFC4472339CB3600920406 /* Defaults */ = {
			isa = PBXNativeTarget;
			buildConfigurationList = FFAFC45C2339CB3700920406 /* Build configuration list for PBXNativeTarget "Defaults" */;
			buildPhases = (
				FFAFC4442339CB3600920406 /* Sources */,
				FFAFC4452339CB3600920406 /* Frameworks */,
				FFAFC4462339CB3600920406 /* Resources */,
			);
			buildRules = (
			);
			dependencies = (
			);
			name = Defaults;
			productName = Defaults;
			productReference = FFAFC4482339CB3600920406 /* Defaults.app */;
			productType = "com.apple.product-type.application";
		};
/* End PBXNativeTarget section */

/* Begin PBXProject section */
		FFAFC4402339CB3600920406 /* Project object */ = {
			isa = PBXProject;
			attributes = {
				LastSwiftUpdateCheck = 1110;
				LastUpgradeCheck = 1100;
				ORGANIZATIONNAME = "庄黛淳华";
				TargetAttributes = {
					FF86F428233EF64A00680D0D = {
						CreatedOnToolsVersion = 11.1;
					};
					FFAFC4472339CB3600920406 = {
						CreatedOnToolsVersion = 11.0;
					};
				};
			};
			buildConfigurationList = FFAFC4432339CB3600920406 /* Build configuration list for PBXProject "Defaults" */;
			compatibilityVersion = "Xcode 9.3";
			developmentRegion = en;
			hasScannedForEncodings = 0;
			knownRegions = (
				en,
				Base,
			);
			mainGroup = FFAFC43F2339CB3600920406;
			productRefGroup = FFAFC4492339CB3600920406 /* Products */;
			projectDirPath = "";
			projectRoot = "";
			targets = (
				FFAFC4472339CB3600920406 /* Defaults */,
				FF86F428233EF64A00680D0D /* DefaultsTests */,
			);
		};
/* End PBXProject section */

/* Begin PBXResourcesBuildPhase section */
		FF86F427233EF64A00680D0D /* Resources */ = {
			isa = PBXResourcesBuildPhase;
			buildActionMask = 2147483647;
			files = (
			);
			runOnlyForDeploymentPostprocessing = 0;
		};
		FFAFC4462339CB3600920406 /* Resources */ = {
			isa = PBXResourcesBuildPhase;
			buildActionMask = 2147483647;
			files = (
				FFAFC4582339CB3700920406 /* LaunchScreen.storyboard in Resources */,
				FFAFC4552339CB3700920406 /* Preview Assets.xcassets in Resources */,
				FFAFC4522339CB3700920406 /* Assets.xcassets in Resources */,
			);
			runOnlyForDeploymentPostprocessing = 0;
		};
/* End PBXResourcesBuildPhase section */

/* Begin PBXSourcesBuildPhase section */
		FF86F425233EF64A00680D0D /* Sources */ = {
			isa = PBXSourcesBuildPhase;
			buildActionMask = 2147483647;
			files = (
				FF86F42C233EF64A00680D0D /* DefaultsTests.swift in Sources */,
				FF86F433233EF73700680D0D /* Defaults.swift in Sources */,
			);
			runOnlyForDeploymentPostprocessing = 0;
		};
		FFAFC4442339CB3600920406 /* Sources */ = {
			isa = PBXSourcesBuildPhase;
			buildActionMask = 2147483647;
			files = (
				FFAFC44C2339CB3600920406 /* AppDelegate.swift in Sources */,
				FFAFC4622339CB7D00920406 /* Defaults.swift in Sources */,
				FFAFC44E2339CB3600920406 /* SceneDelegate.swift in Sources */,
				FFAFC4502339CB3600920406 /* ContentView.swift in Sources */,
			);
			runOnlyForDeploymentPostprocessing = 0;
		};
/* End PBXSourcesBuildPhase section */

/* Begin PBXTargetDependency section */
		FF86F42F233EF64A00680D0D /* PBXTargetDependency */ = {
			isa = PBXTargetDependency;
			target = FFAFC4472339CB3600920406 /* Defaults */;
			targetProxy = FF86F42E233EF64A00680D0D /* PBXContainerItemProxy */;
		};
/* End PBXTargetDependency section */

/* Begin PBXVariantGroup section */
		FFAFC4562339CB3700920406 /* LaunchScreen.storyboard */ = {
			isa = PBXVariantGroup;
			children = (
				FFAFC4572339CB3700920406 /* Base */,
			);
			name = LaunchScreen.storyboard;
			sourceTree = "<group>";
		};
/* End PBXVariantGroup section */

/* Begin XCBuildConfiguration section */
		FF86F431233EF64A00680D0D /* Debug */ = {
			isa = XCBuildConfiguration;
			buildSettings = {
				CODE_SIGN_STYLE = Automatic;
				DEVELOPMENT_TEAM = 3AP6XM8L72;
				INFOPLIST_FILE = DefaultsTests/Info.plist;
				IPHONEOS_DEPLOYMENT_TARGET = 13.1;
				LD_RUNPATH_SEARCH_PATHS = (
					"$(inherited)",
					"@executable_path/Frameworks",
					"@loader_path/Frameworks",
				);
				PRODUCT_BUNDLE_IDENTIFIER = mikun.DefaultsTests;
				PRODUCT_NAME = "$(TARGET_NAME)";
				SWIFT_VERSION = 5.0;
				TARGETED_DEVICE_FAMILY = "1,2";
			};
			name = Debug;
		};
		FF86F432233EF64A00680D0D /* Release */ = {
			isa = XCBuildConfiguration;
			buildSettings = {
				CODE_SIGN_STYLE = Automatic;
				DEVELOPMENT_TEAM = 3AP6XM8L72;
				INFOPLIST_FILE = DefaultsTests/Info.plist;
				IPHONEOS_DEPLOYMENT_TARGET = 13.1;
				LD_RUNPATH_SEARCH_PATHS = (
					"$(inherited)",
					"@executable_path/Frameworks",
					"@loader_path/Frameworks",
				);
				PRODUCT_BUNDLE_IDENTIFIER = mikun.DefaultsTests;
				PRODUCT_NAME = "$(TARGET_NAME)";
				SWIFT_VERSION = 5.0;
				TARGETED_DEVICE_FAMILY = "1,2";
			};
			name = Release;
		};
		FFAFC45A2339CB3700920406 /* Debug */ = {
			isa = XCBuildConfiguration;
			buildSettings = {
				ALWAYS_SEARCH_USER_PATHS = NO;
				CLANG_ANALYZER_NONNULL = YES;
				CLANG_ANALYZER_NUMBER_OBJECT_CONVERSION = YES_AGGRESSIVE;
				CLANG_CXX_LANGUAGE_STANDARD = "gnu++14";
				CLANG_CXX_LIBRARY = "libc++";
				CLANG_ENABLE_MODULES = YES;
				CLANG_ENABLE_OBJC_ARC = YES;
				CLANG_ENABLE_OBJC_WEAK = YES;
				CLANG_WARN_BLOCK_CAPTURE_AUTORELEASING = YES;
				CLANG_WARN_BOOL_CONVERSION = YES;
				CLANG_WARN_COMMA = YES;
				CLANG_WARN_CONSTANT_CONVERSION = YES;
				CLANG_WARN_DEPRECATED_OBJC_IMPLEMENTATIONS = YES;
				CLANG_WARN_DIRECT_OBJC_ISA_USAGE = YES_ERROR;
				CLANG_WARN_DOCUMENTATION_COMMENTS = YES;
				CLANG_WARN_EMPTY_BODY = YES;
				CLANG_WARN_ENUM_CONVERSION = YES;
				CLANG_WARN_INFINITE_RECURSION = YES;
				CLANG_WARN_INT_CONVERSION = YES;
				CLANG_WARN_NON_LITERAL_NULL_CONVERSION = YES;
				CLANG_WARN_OBJC_IMPLICIT_RETAIN_SELF = YES;
				CLANG_WARN_OBJC_LITERAL_CONVERSION = YES;
				CLANG_WARN_OBJC_ROOT_CLASS = YES_ERROR;
				CLANG_WARN_RANGE_LOOP_ANALYSIS = YES;
				CLANG_WARN_STRICT_PROTOTYPES = YES;
				CLANG_WARN_SUSPICIOUS_MOVE = YES;
				CLANG_WARN_UNGUARDED_AVAILABILITY = YES_AGGRESSIVE;
				CLANG_WARN_UNREACHABLE_CODE = YES;
				CLANG_WARN__DUPLICATE_METHOD_MATCH = YES;
				COPY_PHASE_STRIP = NO;
				DEBUG_INFORMATION_FORMAT = dwarf;
				ENABLE_STRICT_OBJC_MSGSEND = YES;
				ENABLE_TESTABILITY = YES;
				GCC_C_LANGUAGE_STANDARD = gnu11;
				GCC_DYNAMIC_NO_PIC = NO;
				GCC_NO_COMMON_BLOCKS = YES;
				GCC_OPTIMIZATION_LEVEL = 0;
				GCC_PREPROCESSOR_DEFINITIONS = (
					"DEBUG=1",
					"$(inherited)",
				);
				GCC_WARN_64_TO_32_BIT_CONVERSION = YES;
				GCC_WARN_ABOUT_RETURN_TYPE = YES_ERROR;
				GCC_WARN_UNDECLARED_SELECTOR = YES;
				GCC_WARN_UNINITIALIZED_AUTOS = YES_AGGRESSIVE;
				GCC_WARN_UNUSED_FUNCTION = YES;
				GCC_WARN_UNUSED_VARIABLE = YES;
				IPHONEOS_DEPLOYMENT_TARGET = 13.0;
				MTL_ENABLE_DEBUG_INFO = INCLUDE_SOURCE;
				MTL_FAST_MATH = YES;
				ONLY_ACTIVE_ARCH = YES;
				SDKROOT = iphoneos;
				SWIFT_ACTIVE_COMPILATION_CONDITIONS = DEBUG;
				SWIFT_OPTIMIZATION_LEVEL = "-Onone";
			};
			name = Debug;
		};
		FFAFC45B2339CB3700920406 /* Release */ = {
			isa = XCBuildConfiguration;
			buildSettings = {
				ALWAYS_SEARCH_USER_PATHS = NO;
				CLANG_ANALYZER_NONNULL = YES;
				CLANG_ANALYZER_NUMBER_OBJECT_CONVERSION = YES_AGGRESSIVE;
				CLANG_CXX_LANGUAGE_STANDARD = "gnu++14";
				CLANG_CXX_LIBRARY = "libc++";
				CLANG_ENABLE_MODULES = YES;
				CLANG_ENABLE_OBJC_ARC = YES;
				CLANG_ENABLE_OBJC_WEAK = YES;
				CLANG_WARN_BLOCK_CAPTURE_AUTORELEASING = YES;
				CLANG_WARN_BOOL_CONVERSION = YES;
				CLANG_WARN_COMMA = YES;
				CLANG_WARN_CONSTANT_CONVERSION = YES;
				CLANG_WARN_DEPRECATED_OBJC_IMPLEMENTATIONS = YES;
				CLANG_WARN_DIRECT_OBJC_ISA_USAGE = YES_ERROR;
				CLANG_WARN_DOCUMENTATION_COMMENTS = YES;
				CLANG_WARN_EMPTY_BODY = YES;
				CLANG_WARN_ENUM_CONVERSION = YES;
				CLANG_WARN_INFINITE_RECURSION = YES;
				CLANG_WARN_INT_CONVERSION = YES;
				CLANG_WARN_NON_LITERAL_NULL_CONVERSION = YES;
				CLANG_WARN_OBJC_IMPLICIT_RETAIN_SELF = YES;
				CLANG_WARN_OBJC_LITERAL_CONVERSION = YES;
				CLANG_WARN_OBJC_ROOT_CLASS = YES_ERROR;
				CLANG_WARN_RANGE_LOOP_ANALYSIS = YES;
				CLANG_WARN_STRICT_PROTOTYPES = YES;
				CLANG_WARN_SUSPICIOUS_MOVE = YES;
				CLANG_WARN_UNGUARDED_AVAILABILITY = YES_AGGRESSIVE;
				CLANG_WARN_UNREACHABLE_CODE = YES;
				CLANG_WARN__DUPLICATE_METHOD_MATCH = YES;
				COPY_PHASE_STRIP = NO;
				DEBUG_INFORMATION_FORMAT = "dwarf-with-dsym";
				ENABLE_NS_ASSERTIONS = NO;
				ENABLE_STRICT_OBJC_MSGSEND = YES;
				GCC_C_LANGUAGE_STANDARD = gnu11;
				GCC_NO_COMMON_BLOCKS = YES;
				GCC_WARN_64_TO_32_BIT_CONVERSION = YES;
				GCC_WARN_ABOUT_RETURN_TYPE = YES_ERROR;
				GCC_WARN_UNDECLARED_SELECTOR = YES;
				GCC_WARN_UNINITIALIZED_AUTOS = YES_AGGRESSIVE;
				GCC_WARN_UNUSED_FUNCTION = YES;
				GCC_WARN_UNUSED_VARIABLE = YES;
				IPHONEOS_DEPLOYMENT_TARGET = 13.0;
				MTL_ENABLE_DEBUG_INFO = NO;
				MTL_FAST_MATH = YES;
				SDKROOT = iphoneos;
				SWIFT_COMPILATION_MODE = wholemodule;
				SWIFT_OPTIMIZATION_LEVEL = "-O";
				VALIDATE_PRODUCT = YES;
			};
			name = Release;
		};
		FFAFC45D2339CB3700920406 /* Debug */ = {
			isa = XCBuildConfiguration;
			buildSettings = {
				ASSETCATALOG_COMPILER_APPICON_NAME = AppIcon;
				CODE_SIGN_STYLE = Automatic;
				DEVELOPMENT_ASSET_PATHS = "\"Defaults/Preview Content\"";
				DEVELOPMENT_TEAM = 3AP6XM8L72;
				ENABLE_PREVIEWS = YES;
				INFOPLIST_FILE = Defaults/Info.plist;
				LD_RUNPATH_SEARCH_PATHS = (
					"$(inherited)",
					"@executable_path/Frameworks",
				);
				PRODUCT_BUNDLE_IDENTIFIER = mikun.Defaults;
				PRODUCT_NAME = "$(TARGET_NAME)";
				SWIFT_VERSION = 5.0;
				TARGETED_DEVICE_FAMILY = "1,2";
			};
			name = Debug;
		};
		FFAFC45E2339CB3700920406 /* Release */ = {
			isa = XCBuildConfiguration;
			buildSettings = {
				ASSETCATALOG_COMPILER_APPICON_NAME = AppIcon;
				CODE_SIGN_STYLE = Automatic;
				DEVELOPMENT_ASSET_PATHS = "\"Defaults/Preview Content\"";
				DEVELOPMENT_TEAM = 3AP6XM8L72;
				ENABLE_PREVIEWS = YES;
				INFOPLIST_FILE = Defaults/Info.plist;
				LD_RUNPATH_SEARCH_PATHS = (
					"$(inherited)",
					"@executable_path/Frameworks",
				);
				PRODUCT_BUNDLE_IDENTIFIER = mikun.Defaults;
				PRODUCT_NAME = "$(TARGET_NAME)";
				SWIFT_VERSION = 5.0;
				TARGETED_DEVICE_FAMILY = "1,2";
			};
			name = Release;
		};
/* End XCBuildConfiguration section */

/* Begin XCConfigurationList section */
		FF86F430233EF64A00680D0D /* Build configuration list for PBXNativeTarget "DefaultsTests" */ = {
			isa = XCConfigurationList;
			buildConfigurations = (
				FF86F431233EF64A00680D0D /* Debug */,
				FF86F432233EF64A00680D0D /* Release */,
			);
			defaultConfigurationIsVisible = 0;
			defaultConfigurationName = Release;
		};
		FFAFC4432339CB3600920406 /* Build configuration list for PBXProject "Defaults" */ = {
			isa = XCConfigurationList;
			buildConfigurations = (
				FFAFC45A2339CB3700920406 /* Debug */,
				FFAFC45B2339CB3700920406 /* Release */,
			);
			defaultConfigurationIsVisible = 0;
			defaultConfigurationName = Release;
		};
		FFAFC45C2339CB3700920406 /* Build configuration list for PBXNativeTarget "Defaults" */ = {
			isa = XCConfigurationList;
			buildConfigurations = (
				FFAFC45D2339CB3700920406 /* Debug */,
				FFAFC45E2339CB3700920406 /* Release */,
			);
			defaultConfigurationIsVisible = 0;
			defaultConfigurationName = Release;
		};
/* End XCConfigurationList section */
	};
	rootObject = FFAFC4402339CB3600920406 /* Project object */;
}
